{
  "nodes": {
    "fetchurl-sources": {
      "flake": false,
      "locked": {
        "path": "./consumer-overridable/fetchurl-sources.nix",
        "type": "path"
      },
      "original": {
        "path": "./consumer-overridable/fetchurl-sources.nix",
        "type": "path"
      },
      "parent": [
        "xlibre-overlay"
      ]
    },
    "flake-parts": {
      "inputs": {
        "nixpkgs-lib": "nixpkgs-lib"
      },
      "locked": {
        "lastModified": 1768135262,
        "narHash": "sha256-PVvu7OqHBGWN16zSi6tEmPwwHQ4rLPU9Plvs8/1TUBY=",
        "owner": "hercules-ci",
        "repo": "flake-parts",
        "rev": "80daad04eddbbf5a4d883996a73f3f542fa437ac",
        "type": "github"
      },
      "original": {
        "owner": "hercules-ci",
        "repo": "flake-parts",
        "type": "github"
      }
    },
    "home-manager": {
      "inputs": {
        "nixpkgs": [
          "nixpkgs"
        ]
      },
      "locked": {
        "lastModified": 1772020340,
        "narHash": "sha256-aqBl3GNpCadMoJ/hVkWTijM1Aeilc278MjM+LA3jK6g=",
        "owner": "nix-community",
        "repo": "home-manager",
        "rev": "36e38ca0d9afe4c55405fdf22179a5212243eecc",
        "type": "github"
      },
      "original": {
        "owner": "nix-community",
        "ref": "release-25.11",
        "repo": "home-manager",
        "type": "github"
      }
    },
    "nixpkgs": {
      "locked": {
        "lastModified": 1771903837,
        "narHash": "sha256-sdaqdnsQCv3iifzxwB22tUwN/fSHoN7j2myFW5EIkGk=",
        "owner": "NixOS",
        "repo": "nixpkgs",
        "rev": "e764fc9a405871f1f6ca3d1394fb422e0a0c3951",
        "type": "github"
      },
      "original": {
        "owner": "NixOS",
        "ref": "nixos-25.11",
        "repo": "nixpkgs",
        "type": "github"
      }
    },
    "nixpkgs-lib": {
      "locked": {
        "lastModified": 1765674936,
        "narHash": "sha256-k00uTP4JNfmejrCLJOwdObYC9jHRrr/5M/a/8L2EIdo=",
        "owner": "nix-community",
        "repo": "nixpkgs.lib",
        "rev": "2075416fcb47225d9b68ac469a5c4801a9c4dd85",
        "type": "github"
      },
      "original": {
        "owner": "nix-community",
        "repo": "nixpkgs.lib",
        "type": "github"
      }
    },
    "nixpkgs_2": {
      "locked": {
        "lastModified": 1767996987,
        "narHash": "sha256-/CF5vSpXfjX4Obn1byOuIBirki0U/JDtvVCn6U/HQew=",
        "owner": "NixOS",
        "repo": "nixpkgs",
        "rev": "d4815e6a6f767d60edfd2d3ee816d0e9c120fb27",
        "type": "github"
      },
      "original": {
        "owner": "NixOS",
        "repo": "nixpkgs",
        "rev": "d4815e6a6f767d60edfd2d3ee816d0e9c120fb27",
        "type": "github"
      }
    },
    "root": {
      "inputs": {
        "home-manager": "home-manager",
        "nixpkgs": "nixpkgs",
        "xlibre-overlay": "xlibre-overlay"
      }
    },
    "systems": {
      "flake": false,
      "locked": {
        "path": "./systems.nix",
        "type": "path"
      },
      "original": {
        "path": "./systems.nix",
        "type": "path"
      },
      "parent": [
        "xlibre-overlay"
      ]
    },
    "xlibre-drivers-overlay-choice": {
      "flake": false,
      "locked": {
        "path": "./consumer-overridable/drivers-overlay-choice.nix",
        "type": "path"
      },
      "original": {
        "path": "./consumer-overridable/drivers-overlay-choice.nix",
        "type": "path"
      },
      "parent": [
        "xlibre-overlay"
      ]
    },
    "xlibre-overlay": {
      "inputs": {
        "fetchurl-sources": "fetchurl-sources",
        "flake-parts": "flake-parts",
        "nixpkgs": "nixpkgs_2",
        "systems": "systems",
        "xlibre-drivers-overlay-choice": "xlibre-drivers-overlay-choice",
        "xserver-meson-flags": "xserver-meson-flags"
      },
      "locked": {
        "lastModified": 1771870945,
        "narHash": "sha256-4DYbVq+vGjr+D6vEZ1Ds9tby11XRcRO8Jv8eSDFV+38=",
        "ref": "refs/heads/main",
        "rev": "b2e21d095bf63dac90da626433ef20a84f798b40",
        "revCount": 179,
        "type": "git",
        "url": "https://codeberg.org/takagemacoed/xlibre-overlay"
      },
      "original": {
        "type": "git",
        "url": "https://codeberg.org/takagemacoed/xlibre-overlay"
      }
    },
    "xserver-meson-flags": {
      "flake": false,
      "locked": {
        "path": "./consumer-overridable/xserver-meson-flags.nix",
        "type": "path"
      },
      "original": {
        "path": "./consumer-overridable/xserver-meson-flags.nix",
        "type": "path"
      },
      "parent": [
        "xlibre-overlay"
      ]
    }
  },
  "root": "root",
  "version": 7
}
